
Microsoft Visual Studio Solution File, Format Version 12.00
# Visual Studio Version 16
VisualStudioVersion = 16.0.32407.337
MinimumVisualStudioVersion = 10.0.40219.1
Project("{FAE04EC0-301F-11D3-BF4B-00C04F79EFBC}") = "TickStrategy", "TickStrategy\TickStrategy.csproj", "{51C33655-3074-427D-993E-FC072ABE5382}"
EndProject
Global
	GlobalSection(SolutionConfigurationPlatforms) = preSolution
		Debug|Any CPU = Debug|Any CPU
		Release|Any CPU = Release|Any CPU
	EndGlobalSection
	GlobalSection(ProjectConfigurationPlatforms) = postSolution
		{51C33655-3074-427D-993E-FC072ABE5382}.Debug|Any CPU.ActiveCfg = Debug|Any CPU
		{51C33655-3074-427D-993E-FC072ABE5382}.Debug|Any CPU.Build.0 = Debug|Any CPU
		{51C33655-3074-427D-993E-FC072ABE5382}.Release|Any CPU.ActiveCfg = Release|Any CPU
		{51C33655-3074-427D-993E-FC072ABE5382}.Release|Any CPU.Build.0 = Release|Any CPU
	EndGlobalSection
	GlobalSection(SolutionProperties) = preSolution
		HideSolutionNode = FALSE
	EndGlobalSection
	GlobalSection(ExtensibilityGlobals) = postSolution
		SolutionGuid = {56186E9F-EE5C-4FEF-8A5F-7CBAB296A0CC}
	EndGlobalSection
EndGlobal
